Microsoft Visual Studio Solution File, Format Version 12.00
# Visual Studio Version 17
VisualStudioVersion = 17.5.2.0
MinimumVisualStudioVersion = 10.0.40219.1
Project("{FAE04EC0-301F-11D3-BF4B-00C04F79EFBC}") = "BlockchainMarketCap", "BlockchainMarketCap\BlockchainMarketCap.csproj", "{D925187B-40B9-6617-9D2D-171D71AF8E63}"
EndProject
Global
	GlobalSection(SolutionConfigurationPlatforms) = preSolution
		Debug|Any CPU = Debug|Any CPU
		Release|Any CPU = Release|Any CPU
	EndGlobalSection
	GlobalSection(ProjectConfigurationPlatforms) = postSolution
		{D925187B-40B9-6617-9D2D-171D71AF8E63}.Debug|Any CPU.ActiveCfg = Debug|Any CPU
		{D925187B-40B9-6617-9D2D-171D71AF8E63}.Debug|Any CPU.Build.0 = Debug|Any CPU
		{D925187B-40B9-6617-9D2D-171D71AF8E63}.Release|Any CPU.ActiveCfg = Release|Any CPU
		{D925187B-40B9-6617-9D2D-171D71AF8E63}.Release|Any CPU.Build.0 = Release|Any CPU
	EndGlobalSection
	GlobalSection(SolutionProperties) = preSolution
		HideSolutionNode = FALSE
	EndGlobalSection
	GlobalSection(ExtensibilityGlobals) = postSolution
		SolutionGuid = {3C1D1EF2-16F7-453A-9696-3AF1E5AB66A4}
	EndGlobalSection
EndGlobal
